
Microsoft Visual Studio Solution File, Format Version 12.00
# Visual Studio Version 17
VisualStudioVersion = 17.11.35327.3
MinimumVisualStudioVersion = 10.0.40219.1
Project("{FAE04EC0-301F-11D3-BF4B-00C04F79EFBC}") = "ConcursoPublico", "ConcursoPublico.csproj", "{2A3ED6F8-DF4A-44B5-BC0A-B31C08817DC5}"
EndProject
Global
	GlobalSection(SolutionConfigurationPlatforms) = preSolution
		Debug|Any CPU = Debug|Any CPU
		Release|Any CPU = Release|Any CPU
	EndGlobalSection
	GlobalSection(ProjectConfigurationPlatforms) = postSolution
		{2A3ED6F8-DF4A-44B5-BC0A-B31C08817DC5}.Debug|Any CPU.ActiveCfg = Debug|Any CPU
		{2A3ED6F8-DF4A-44B5-BC0A-B31C08817DC5}.Debug|Any CPU.Build.0 = Debug|Any CPU
		{2A3ED6F8-DF4A-44B5-BC0A-B31C08817DC5}.Release|Any CPU.ActiveCfg = Release|Any CPU
		{2A3ED6F8-DF4A-44B5-BC0A-B31C08817DC5}.Release|Any CPU.Build.0 = Release|Any CPU
	EndGlobalSection
	GlobalSection(SolutionProperties) = preSolution
		HideSolutionNode = FALSE
	EndGlobalSection
	GlobalSection(ExtensibilityGlobals) = postSolution
		SolutionGuid = {98E995B4-A723-430D-BCA1-A4E7ABCD57EA}
	EndGlobalSection
EndGlobal
